
Microsoft Visual Studio Solution File, Format Version 12.00
# Visual Studio Version 16
VisualStudioVersion = 16.0.32630.194
MinimumVisualStudioVersion = 10.0.40219.1
Project("{FAE04EC0-301F-11D3-BF4B-00C04F79EFBC}") = "DevIO.AppMvc", "src\DevIO.AppMvc\DevIO.AppMvc.csproj", "{13E511CE-62BD-465F-824C-23AEF043DB77}"
EndProject
Project("{FAE04EC0-301F-11D3-BF4B-00C04F79EFBC}") = "DevIO.Business", "src\DevIO.Business\DevIO.Business.csproj", "{78CE4376-CD1D-40D5-B9D6-34DB353C1E32}"
EndProject
Project("{FAE04EC0-301F-11D3-BF4B-00C04F79EFBC}") = "DevIO.Infra", "src\DevIO.Infra\DevIO.Infra.csproj", "{3C7A6BD6-856C-4341-8B64-CD6B0BC23BC9}"
EndProject
Global
	GlobalSection(SolutionConfigurationPlatforms) = preSolution
		Debug|Any CPU = Debug|Any CPU
		Release|Any CPU = Release|Any CPU
	EndGlobalSection
	GlobalSection(ProjectConfigurationPlatforms) = postSolution
		{13E511CE-62BD-465F-824C-23AEF043DB77}.Debug|Any CPU.ActiveCfg = Debug|Any CPU
		{13E511CE-62BD-465F-824C-23AEF043DB77}.Debug|Any CPU.Build.0 = Debug|Any CPU
		{13E511CE-62BD-465F-824C-23AEF043DB77}.Release|Any CPU.ActiveCfg = Release|Any CPU
		{13E511CE-62BD-465F-824C-23AEF043DB77}.Release|Any CPU.Build.0 = Release|Any CPU
		{78CE4376-CD1D-40D5-B9D6-34DB353C1E32}.Debug|Any CPU.ActiveCfg = Debug|Any CPU
		{78CE4376-CD1D-40D5-B9D6-34DB353C1E32}.Debug|Any CPU.Build.0 = Debug|Any CPU
		{78CE4376-CD1D-40D5-B9D6-34DB353C1E32}.Release|Any CPU.ActiveCfg = Release|Any CPU
		{78CE4376-CD1D-40D5-B9D6-34DB353C1E32}.Release|Any CPU.Build.0 = Release|Any CPU
		{3C7A6BD6-856C-4341-8B64-CD6B0BC23BC9}.Debug|Any CPU.ActiveCfg = Debug|Any CPU
		{3C7A6BD6-856C-4341-8B64-CD6B0BC23BC9}.Debug|Any CPU.Build.0 = Debug|Any CPU
		{3C7A6BD6-856C-4341-8B64-CD6B0BC23BC9}.Release|Any CPU.ActiveCfg = Release|Any CPU
		{3C7A6BD6-856C-4341-8B64-CD6B0BC23BC9}.Release|Any CPU.Build.0 = Release|Any CPU
	EndGlobalSection
	GlobalSection(SolutionProperties) = preSolution
		HideSolutionNode = FALSE
	EndGlobalSection
	GlobalSection(ExtensibilityGlobals) = postSolution
		SolutionGuid = {2B05AE24-922D-4793-A2DF-F83EBE9CA9D4}
	EndGlobalSection
EndGlobal
